// !$*UTF8*$!
{
	archiveVersion = 1;
	classes = {
	};
	objectVersion = 56;
	objects = {

/* Begin PBXBuildFile section */
		FF020EB82C2F8DB10001D626 /* AppDelegate.swift in Sources */ = {isa = PBXBuildFile; fileRef = FF020EB72C2F8DB10001D626 /* AppDelegate.swift */; };
		FF020EBA2C2F8DB10001D626 /* GameScene.sks in Resources */ = {isa = PBXBuildFile; fileRef = FF020EB92C2F8DB10001D626 /* GameScene.sks */; };
		FF020EBC2C2F8DB10001D626 /* Actions.sks in Resources */ = {isa = PBXBuildFile; fileRef = FF020EBB2C2F8DB10001D626 /* Actions.sks */; };
		FF020EBE2C2F8DB10001D626 /* GameScene.swift in Sources */ = {isa = PBXBuildFile; fileRef = FF020EBD2C2F8DB10001D626 /* GameScene.swift */; };
		FF020EC02C2F8DB10001D626 /* GameViewController.swift in Sources */ = {isa = PBXBuildFile; fileRef = FF020EBF2C2F8DB10001D626 /* GameViewController.swift */; };
		FF020EC32C2F8DB10001D626 /* Base in Resources */ = {isa = PBXBuildFile; fileRef = FF020EC22C2F8DB10001D626 /* Base */; };
		FF020EC52C2F8DB20001D626 /* Assets.xcassets in Resources */ = {isa = PBXBuildFile; fileRef = FF020EC42C2F8DB20001D626 /* Assets.xcassets */; };
		FF020EC82C2F8DB20001D626 /* Base in Resources */ = {isa = PBXBuildFile; fileRef = FF020EC72C2F8DB20001D626 /* Base */; };
		FF020ED22C2F8DB30001D626 /* MemoryGridTests.swift in Sources */ = {isa = PBXBuildFile; fileRef = FF020ED12C2F8DB30001D626 /* MemoryGridTests.swift */; };
		FF020EDC2C2F8DB30001D626 /* MemoryGridUITests.swift in Sources */ = {isa = PBXBuildFile; fileRef = FF020EDB2C2F8DB30001D626 /* MemoryGridUITests.swift */; };
		FF020EDE2C2F8DB30001D626 /* MemoryGridUITestsLaunchTests.swift in Sources */ = {isa = PBXBuildFile; fileRef = FF020EDD2C2F8DB30001D626 /* MemoryGridUITestsLaunchTests.swift */; };
/* End PBXBuildFile section */

/* Begin PBXContainerItemProxy section */
		FF020ECE2C2F8DB30001D626 /* PBXContainerItemProxy */ = {
			isa = PBXContainerItemProxy;
			containerPortal = FF020EAC2C2F8DB10001D626 /* Project object */;
			proxyType = 1;
			remoteGlobalIDString = FF020EB32C2F8DB10001D626;
			remoteInfo = MemoryGrid;
		};
		FF020ED82C2F8DB30001D626 /* PBXContainerItemProxy */ = {
			isa = PBXContainerItemProxy;
			containerPortal = FF020EAC2C2F8DB10001D626 /* Project object */;
			proxyType = 1;
			remoteGlobalIDString = FF020EB32C2F8DB10001D626;
			remoteInfo = MemoryGrid;
		};
/* End PBXContainerItemProxy section */

/* Begin PBXFileReference section */
		FF020EB42C2F8DB10001D626 /* MemoryGrid.app */ = {isa = PBXFileReference; explicitFileType = wrapper.application; includeInIndex = 0; path = MemoryGrid.app; sourceTree = BUILT_PRODUCTS_DIR; };
		FF020EB72C2F8DB10001D626 /* AppDelegate.swift */ = {isa = PBXFileReference; lastKnownFileType = sourcecode.swift; path = AppDelegate.swift; sourceTree = "<group>"; };
		FF020EB92C2F8DB10001D626 /* GameScene.sks */ = {isa = PBXFileReference; lastKnownFileType = file.sks; path = GameScene.sks; sourceTree = "<group>"; };
		FF020EBB2C2F8DB10001D626 /* Actions.sks */ = {isa = PBXFileReference; lastKnownFileType = file.sks; path = Actions.sks; sourceTree = "<group>"; };
		FF020EBD2C2F8DB10001D626 /* GameScene.swift */ = {isa = PBXFileReference; lastKnownFileType = sourcecode.swift; path = GameScene.swift; sourceTree = "<group>"; };
		FF020EBF2C2F8DB10001D626 /* GameViewController.swift */ = {isa = PBXFileReference; lastKnownFileType = sourcecode.swift; path = GameViewController.swift; sourceTree = "<group>"; };
		FF020EC22C2F8DB10001D626 /* Base */ = {isa = PBXFileReference; lastKnownFileType = file.storyboard; name = Base; path = Base.lproj/Main.storyboard; sourceTree = "<group>"; };
		FF020EC42C2F8DB20001D626 /* Assets.xcassets */ = {isa = PBXFileReference; lastKnownFileType = folder.assetcatalog; path = Assets.xcassets; sourceTree = "<group>"; };
		FF020EC72C2F8DB20001D626 /* Base */ = {isa = PBXFileReference; lastKnownFileType = file.storyboard; name = Base; path = Base.lproj/LaunchScreen.storyboard; sourceTree = "<group>"; };
		FF020ECD2C2F8DB30001D626 /* MemoryGridTests.xctest */ = {isa = PBXFileReference; explicitFileType = wrapper.cfbundle; includeInIndex = 0; path = MemoryGridTests.xctest; sourceTree = BUILT_PRODUCTS_DIR; };
		FF020ED12C2F8DB30001D626 /* MemoryGridTests.swift */ = {isa = PBXFileReference; lastKnownFileType = sourcecode.swift; path = MemoryGridTests.swift; sourceTree = "<group>"; };
		FF020ED72C2F8DB30001D626 /* MemoryGridUITests.xctest */ = {isa = PBXFileReference; explicitFileType = wrapper.cfbundle; includeInIndex = 0; path = MemoryGridUITests.xctest; sourceTree = BUILT_PRODUCTS_DIR; };
		FF020EDB2C2F8DB30001D626 /* MemoryGridUITests.swift */ = {isa = PBXFileReference; lastKnownFileType = sourcecode.swift; path = MemoryGridUITests.swift; sourceTree = "<group>"; };
		FF020EDD2C2F8DB30001D626 /* MemoryGridUITestsLaunchTests.swift */ = {isa = PBXFileReference; lastKnownFileType = sourcecode.swift; path = MemoryGridUITestsLaunchTests.swift; sourceTree = "<group>"; };
/* End PBXFileReference section */

/* Begin PBXFrameworksBuildPhase section */
		FF020EB12C2F8DB10001D626 /* Frameworks */ = {
			isa = PBXFrameworksBuildPhase;
			buildActionMask = 2147483647;
			files = (
			);
			runOnlyForDeploymentPostprocessing = 0;
		};
		FF020ECA2C2F8DB30001D626 /* Frameworks */ = {
			isa = PBXFrameworksBuildPhase;
			buildActionMask = 2147483647;
			files = (
			);
			runOnlyForDeploymentPostprocessing = 0;
		};
		FF020ED42C2F8DB30001D626 /* Frameworks */ = {
			isa = PBXFrameworksBuildPhase;
			buildActionMask = 2147483647;
			files = (
			);
			runOnlyForDeploymentPostprocessing = 0;
		};
/* End PBXFrameworksBuildPhase section */

/* Begin PBXGroup section */
		FF020EAB2C2F8DB10001D626 = {
			isa = PBXGroup;
			children = (
				FF020EB62C2F8DB10001D626 /* MemoryGrid */,
				FF020ED02C2F8DB30001D626 /* MemoryGridTests */,
				FF020EDA2C2F8DB30001D626 /* MemoryGridUITests */,
				FF020EB52C2F8DB10001D626 /* Products */,
			);
			sourceTree = "<group>";
		};
		FF020EB52C2F8DB10001D626 /* Products */ = {
			isa = PBXGroup;
			children = (
				FF020EB42C2F8DB10001D626 /* MemoryGrid.app */,
				FF020ECD2C2F8DB30001D626 /* MemoryGridTests.xctest */,
				FF020ED72C2F8DB30001D626 /* MemoryGridUITests.xctest */,
			);
			name = Products;
			sourceTree = "<group>";
		};
		FF020EB62C2F8DB10001D626 /* MemoryGrid */ = {
			isa = PBXGroup;
			children = (
				FF020EB72C2F8DB10001D626 /* AppDelegate.swift */,
				FF020EB92C2F8DB10001D626 /* GameScene.sks */,
				FF020EBB2C2F8DB10001D626 /* Actions.sks */,
				FF020EBD2C2F8DB10001D626 /* GameScene.swift */,
				FF020EBF2C2F8DB10001D626 /* GameViewController.swift */,
				FF020EC12C2F8DB10001D626 /* Main.storyboard */,
				FF020EC42C2F8DB20001D626 /* Assets.xcassets */,
				FF020EC62C2F8DB20001D626 /* LaunchScreen.storyboard */,
			);
			path = MemoryGrid;
			sourceTree = "<group>";
		};
		FF020ED02C2F8DB30001D626 /* MemoryGridTests */ = {
			isa = PBXGroup;
			children = (
				FF020ED12C2F8DB30001D626 /* MemoryGridTests.swift */,
			);
			path = MemoryGridTests;
			sourceTree = "<group>";
		};
		FF020EDA2C2F8DB30001D626 /* MemoryGridUITests */ = {
			isa = PBXGroup;
			children = (
				FF020EDB2C2F8DB30001D626 /* MemoryGridUITests.swift */,
				FF020EDD2C2F8DB30001D626 /* MemoryGridUITestsLaunchTests.swift */,
			);
			path = MemoryGridUITests;
			sourceTree = "<group>";
		};
/* End PBXGroup section */

/* Begin PBXNativeTarget section */
		FF020EB32C2F8DB10001D626 /* MemoryGrid */ = {
			isa = PBXNativeTarget;
			buildConfigurationList = FF020EE12C2F8DB30001D626 /* Build configuration list for PBXNativeTarget "MemoryGrid" */;
			buildPhases = (
				FF020EB02C2F8DB10001D626 /* Sources */,
				FF020EB12C2F8DB10001D626 /* Frameworks */,
				FF020EB22C2F8DB10001D626 /* Resources */,
			);
			buildRules = (
			);
			dependencies = (
			);
			name = MemoryGrid;
			productName = MemoryGrid;
			productReference = FF020EB42C2F8DB10001D626 /* MemoryGrid.app */;
			productType = "com.apple.product-type.application";
		};
		FF020ECC2C2F8DB30001D626 /* MemoryGridTests */ = {
			isa = PBXNativeTarget;
			buildConfigurationList = FF020EE42C2F8DB30001D626 /* Build configuration list for PBXNativeTarget "MemoryGridTests" */;
			buildPhases = (
				FF020EC92C2F8DB30001D626 /* Sources */,
				FF020ECA2C2F8DB30001D626 /* Frameworks */,
				FF020ECB2C2F8DB30001D626 /* Resources */,
			);
			buildRules = (
			);
			dependencies = (
				FF020ECF2C2F8DB30001D626 /* PBXTargetDependency */,
			);
			name = MemoryGridTests;
			productName = MemoryGridTests;
			productReference = FF020ECD2C2F8DB30001D626 /* MemoryGridTests.xctest */;
			productType = "com.apple.product-type.bundle.unit-test";
		};
		FF020ED62C2F8DB30001D626 /* MemoryGridUITests */ = {
			isa = PBXNativeTarget;
			buildConfigurationList = FF020EE72C2F8DB30001D626 /* Build configuration list for PBXNativeTarget "MemoryGridUITests" */;
			buildPhases = (
				FF020ED32C2F8DB30001D626 /* Sources */,
				FF020ED42C2F8DB30001D626 /* Frameworks */,
				FF020ED52C2F8DB30001D626 /* Resources */,
			);
			buildRules = (
			);
			dependencies = (
				FF020ED92C2F8DB30001D626 /* PBXTargetDependency */,
			);
			name = MemoryGridUITests;
			productName = MemoryGridUITests;
			productReference = FF020ED72C2F8DB30001D626 /* MemoryGridUITests.xctest */;
			productType = "com.apple.product-type.bundle.ui-testing";
		};
/* End PBXNativeTarget section */

/* Begin PBXProject section */
		FF020EAC2C2F8DB10001D626 /* Project object */ = {
			isa = PBXProject;
			attributes = {
				BuildIndependentTargetsInParallel = 1;
				LastSwiftUpdateCheck = 1540;
				LastUpgradeCheck = 1540;
				TargetAttributes = {
					FF020EB32C2F8DB10001D626 = {
						CreatedOnToolsVersion = 15.4;
					};
					FF020ECC2C2F8DB30001D626 = {
						CreatedOnToolsVersion = 15.4;
						TestTargetID = FF020EB32C2F8DB10001D626;
					};
					FF020ED62C2F8DB30001D626 = {
						CreatedOnToolsVersion = 15.4;
						TestTargetID = FF020EB32C2F8DB10001D626;
					};
				};
			};
			buildConfigurationList = FF020EAF2C2F8DB10001D626 /* Build configuration list for PBXProject "MemoryGrid" */;
			compatibilityVersion = "Xcode 14.0";
			developmentRegion = en;
			hasScannedForEncodings = 0;
			knownRegions = (
				en,
				Base,
			);
			mainGroup = FF020EAB2C2F8DB10001D626;
			productRefGroup = FF020EB52C2F8DB10001D626 /* Products */;
			projectDirPath = "";
			projectRoot = "";
			targets = (
				FF020EB32C2F8DB10001D626 /* MemoryGrid */,
				FF020ECC2C2F8DB30001D626 /* MemoryGridTests */,
				FF020ED62C2F8DB30001D626 /* MemoryGridUITests */,
			);
		};
/* End PBXProject section */

/* Begin PBXResourcesBuildPhase section */
		FF020EB22C2F8DB10001D626 /* Resources */ = {
			isa = PBXResourcesBuildPhase;
			buildActionMask = 2147483647;
			files = (
				FF020EBA2C2F8DB10001D626 /* GameScene.sks in Resources */,
				FF020EC32C2F8DB10001D626 /* Base in Resources */,
				FF020EC52C2F8DB20001D626 /* Assets.xcassets in Resources */,
				FF020EBC2C2F8DB10001D626 /* Actions.sks in Resources */,
				FF020EC82C2F8DB20001D626 /* Base in Resources */,
			);
			runOnlyForDeploymentPostprocessing = 0;
		};
		FF020ECB2C2F8DB30001D626 /* Resources */ = {
			isa = PBXResourcesBuildPhase;
			buildActionMask = 2147483647;
			files = (
			);
			runOnlyForDeploymentPostprocessing = 0;
		};
		FF020ED52C2F8DB30001D626 /* Resources */ = {
			isa = PBXResourcesBuildPhase;
			buildActionMask = 2147483647;
			files = (
			);
			runOnlyForDeploymentPostprocessing = 0;
		};
/* End PBXResourcesBuildPhase section */

/* Begin PBXSourcesBuildPhase section */
		FF020EB02C2F8DB10001D626 /* Sources */ = {
			isa = PBXSourcesBuildPhase;
			buildActionMask = 2147483647;
			files = (
				FF020EBE2C2F8DB10001D626 /* GameScene.swift in Sources */,
				FF020EC02C2F8DB10001D626 /* GameViewController.swift in Sources */,
				FF020EB82C2F8DB10001D626 /* AppDelegate.swift in Sources */,
			);
			runOnlyForDeploymentPostprocessing = 0;
		};
		FF020EC92C2F8DB30001D626 /* Sources */ = {
			isa = PBXSourcesBuildPhase;
			buildActionMask = 2147483647;
			files = (
				FF020ED22C2F8DB30001D626 /* MemoryGridTests.swift in Sources */,
			);
			runOnlyForDeploymentPostprocessing = 0;
		};
		FF020ED32C2F8DB30001D626 /* Sources */ = {
			isa = PBXSourcesBuildPhase;
			buildActionMask = 2147483647;
			files = (
				FF020EDC2C2F8DB30001D626 /* MemoryGridUITests.swift in Sources */,
				FF020EDE2C2F8DB30001D626 /* MemoryGridUITestsLaunchTests.swift in Sources */,
			);
			runOnlyForDeploymentPostprocessing = 0;
		};
/* End PBXSourcesBuildPhase section */

/* Begin PBXTargetDependency section */
		FF020ECF2C2F8DB30001D626 /* PBXTargetDependency */ = {
			isa = PBXTargetDependency;
			target = FF020EB32C2F8DB10001D626 /* MemoryGrid */;
			targetProxy = FF020ECE2C2F8DB30001D626 /* PBXContainerItemProxy */;
		};
		FF020ED92C2F8DB30001D626 /* PBXTargetDependency */ = {
			isa = PBXTargetDependency;
			target = FF020EB32C2F8DB10001D626 /* MemoryGrid */;
			targetProxy = FF020ED82C2F8DB30001D626 /* PBXContainerItemProxy */;
		};
/* End PBXTargetDependency section */

/* Begin PBXVariantGroup section */
		FF020EC12C2F8DB10001D626 /* Main.storyboard */ = {
			isa = PBXVariantGroup;
			children = (
				FF020EC22C2F8DB10001D626 /* Base */,
			);
			name = Main.storyboard;
			sourceTree = "<group>";
		};
		FF020EC62C2F8DB20001D626 /* LaunchScreen.storyboard */ = {
			isa = PBXVariantGroup;
			children = (
				FF020EC72C2F8DB20001D626 /* Base */,
			);
			name = LaunchScreen.storyboard;
			sourceTree = "<group>";
		};
/* End PBXVariantGroup section */

/* Begin XCBuildConfiguration section */
		FF020EDF2C2F8DB30001D626 /* Debug */ = {
			isa = XCBuildConfiguration;
			buildSettings = {
				ALWAYS_SEARCH_USER_PATHS = NO;
				ASSETCATALOG_COMPILER_GENERATE_SWIFT_ASSET_SYMBOL_EXTENSIONS = YES;
				CLANG_ANALYZER_NONNULL = YES;
				CLANG_ANALYZER_NUMBER_OBJECT_CONVERSION = YES_AGGRESSIVE;
				CLANG_CXX_LANGUAGE_STANDARD = "gnu++20";
				CLANG_ENABLE_MODULES = YES;
				CLANG_ENABLE_OBJC_ARC = YES;
				CLANG_ENABLE_OBJC_WEAK = YES;
				CLANG_WARN_BLOCK_CAPTURE_AUTORELEASING = YES;
				CLANG_WARN_BOOL_CONVERSION = YES;
				CLANG_WARN_COMMA = YES;
				CLANG_WARN_CONSTANT_CONVERSION = YES;
				CLANG_WARN_DEPRECATED_OBJC_IMPLEMENTATIONS = YES;
				CLANG_WARN_DIRECT_OBJC_ISA_USAGE = YES_ERROR;
				CLANG_WARN_DOCUMENTATION_COMMENTS = YES;
				CLANG_WARN_EMPTY_BODY = YES;
				CLANG_WARN_ENUM_CONVERSION = YES;
				CLANG_WARN_INFINITE_RECURSION = YES;
				CLANG_WARN_INT_CONVERSION = YES;
				CLANG_WARN_NON_LITERAL_NULL_CONVERSION = YES;
				CLANG_WARN_OBJC_IMPLICIT_RETAIN_SELF = YES;
				CLANG_WARN_OBJC_LITERAL_CONVERSION = YES;
				CLANG_WARN_OBJC_ROOT_CLASS = YES_ERROR;
				CLANG_WARN_QUOTED_INCLUDE_IN_FRAMEWORK_HEADER = YES;
				CLANG_WARN_RANGE_LOOP_ANALYSIS = YES;
				CLANG_WARN_STRICT_PROTOTYPES = YES;
				CLANG_WARN_SUSPICIOUS_MOVE = YES;
				CLANG_WARN_UNGUARDED_AVAILABILITY = YES_AGGRESSIVE;
				CLANG_WARN_UNREACHABLE_CODE = YES;
				CLANG_WARN__DUPLICATE_METHOD_MATCH = YES;
				COPY_PHASE_STRIP = NO;
				DEBUG_INFORMATION_FORMAT = dwarf;
				ENABLE_STRICT_OBJC_MSGSEND = YES;
				ENABLE_TESTABILITY = YES;
				ENABLE_USER_SCRIPT_SANDBOXING = YES;
				GCC_C_LANGUAGE_STANDARD = gnu17;
				GCC_DYNAMIC_NO_PIC = NO;
				GCC_NO_COMMON_BLOCKS = YES;
				GCC_OPTIMIZATION_LEVEL = 0;
				GCC_PREPROCESSOR_DEFINITIONS = (
					"DEBUG=1",
					"$(inherited)",
				);
				GCC_WARN_64_TO_32_BIT_CONVERSION = YES;
				GCC_WARN_ABOUT_RETURN_TYPE = YES_ERROR;
				GCC_WARN_UNDECLARED_SELECTOR = YES;
				GCC_WARN_UNINITIALIZED_AUTOS = YES_AGGRESSIVE;
				GCC_WARN_UNUSED_FUNCTION = YES;
				GCC_WARN_UNUSED_VARIABLE = YES;
				IPHONEOS_DEPLOYMENT_TARGET = 17.5;
				LOCALIZATION_PREFERS_STRING_CATALOGS = YES;
				MTL_ENABLE_DEBUG_INFO = INCLUDE_SOURCE;
				MTL_FAST_MATH = YES;
				ONLY_ACTIVE_ARCH = YES;
				SDKROOT = iphoneos;
				SWIFT_ACTIVE_COMPILATION_CONDITIONS = "DEBUG $(inherited)";
				SWIFT_OPTIMIZATION_LEVEL = "-Onone";
			};
			name = Debug;
		};
		FF020EE02C2F8DB30001D626 /* Release */ = {
			isa = XCBuildConfiguration;
			buildSettings = {
				ALWAYS_SEARCH_USER_PATHS = NO;
				ASSETCATALOG_COMPILER_GENERATE_SWIFT_ASSET_SYMBOL_EXTENSIONS = YES;
				CLANG_ANALYZER_NONNULL = YES;
				CLANG_ANALYZER_NUMBER_OBJECT_CONVERSION = YES_AGGRESSIVE;
				CLANG_CXX_LANGUAGE_STANDARD = "gnu++20";
				CLANG_ENABLE_MODULES = YES;
				CLANG_ENABLE_OBJC_ARC = YES;
				CLANG_ENABLE_OBJC_WEAK = YES;
				CLANG_WARN_BLOCK_CAPTURE_AUTORELEASING = YES;
				CLANG_WARN_BOOL_CONVERSION = YES;
				CLANG_WARN_COMMA = YES;
				CLANG_WARN_CONSTANT_CONVERSION = YES;
				CLANG_WARN_DEPRECATED_OBJC_IMPLEMENTATIONS = YES;
				CLANG_WARN_DIRECT_OBJC_ISA_USAGE = YES_ERROR;
				CLANG_WARN_DOCUMENTATION_COMMENTS = YES;
				CLANG_WARN_EMPTY_BODY = YES;
				CLANG_WARN_ENUM_CONVERSION = YES;
				CLANG_WARN_INFINITE_RECURSION = YES;
				CLANG_WARN_INT_CONVERSION = YES;
				CLANG_WARN_NON_LITERAL_NULL_CONVERSION = YES;
				CLANG_WARN_OBJC_IMPLICIT_RETAIN_SELF = YES;
				CLANG_WARN_OBJC_LITERAL_CONVERSION = YES;
				CLANG_WARN_OBJC_ROOT_CLASS = YES_ERROR;
				CLANG_WARN_QUOTED_INCLUDE_IN_FRAMEWORK_HEADER = YES;
				CLANG_WARN_RANGE_LOOP_ANALYSIS = YES;
				CLANG_WARN_STRICT_PROTOTYPES = YES;
				CLANG_WARN_SUSPICIOUS_MOVE = YES;
				CLANG_WARN_UNGUARDED_AVAILABILITY = YES_AGGRESSIVE;
				CLANG_WARN_UNREACHABLE_CODE = YES;
				CLANG_WARN__DUPLICATE_METHOD_MATCH = YES;
				COPY_PHASE_STRIP = NO;
				DEBUG_INFORMATION_FORMAT = "dwarf-with-dsym";
				ENABLE_NS_ASSERTIONS = NO;
				ENABLE_STRICT_OBJC_MSGSEND = YES;
				ENABLE_USER_SCRIPT_SANDBOXING = YES;
				GCC_C_LANGUAGE_STANDARD = gnu17;
				GCC_NO_COMMON_BLOCKS = YES;
				GCC_WARN_64_TO_32_BIT_CONVERSION = YES;
				GCC_WARN_ABOUT_RETURN_TYPE = YES_ERROR;
				GCC_WARN_UNDECLARED_SELECTOR = YES;
				GCC_WARN_UNINITIALIZED_AUTOS = YES_AGGRESSIVE;
				GCC_WARN_UNUSED_FUNCTION = YES;
				GCC_WARN_UNUSED_VARIABLE = YES;
				IPHONEOS_DEPLOYMENT_TARGET = 17.5;
				LOCALIZATION_PREFERS_STRING_CATALOGS = YES;
				MTL_ENABLE_DEBUG_INFO = NO;
				MTL_FAST_MATH = YES;
				SDKROOT = iphoneos;
				SWIFT_COMPILATION_MODE = wholemodule;
				VALIDATE_PRODUCT = YES;
			};
			name = Release;
		};
		FF020EE22C2F8DB30001D626 /* Debug */ = {
			isa = XCBuildConfiguration;
			buildSettings = {
				ASSETCATALOG_COMPILER_APPICON_NAME = AppIcon;
				ASSETCATALOG_COMPILER_GLOBAL_ACCENT_COLOR_NAME = AccentColor;
				CODE_SIGN_STYLE = Automatic;
				CURRENT_PROJECT_VERSION = 1;
				DEVELOPMENT_TEAM = 2KUSQSDP9T;
				GENERATE_INFOPLIST_FILE = YES;
				INFOPLIST_KEY_UIApplicationSupportsIndirectInputEvents = YES;
				INFOPLIST_KEY_UILaunchStoryboardName = LaunchScreen;
				INFOPLIST_KEY_UIMainStoryboardFile = Main;
				INFOPLIST_KEY_UIStatusBarHidden = YES;
				INFOPLIST_KEY_UISupportedInterfaceOrientations_iPad = "UIInterfaceOrientationPortrait UIInterfaceOrientationPortraitUpsideDown UIInterfaceOrientationLandscapeLeft UIInterfaceOrientationLandscapeRight";
				INFOPLIST_KEY_UISupportedInterfaceOrientations_iPhone = "UIInterfaceOrientationPortrait UIInterfaceOrientationLandscapeLeft UIInterfaceOrientationLandscapeRight";
				LD_RUNPATH_SEARCH_PATHS = (
					"$(inherited)",
					"@executable_path/Frameworks",
				);
				MARKETING_VERSION = 0.1;
				PRODUCT_BUNDLE_IDENTIFIER = lhf.MemoryGrid;
				PRODUCT_NAME = "$(TARGET_NAME)";
				SWIFT_EMIT_LOC_STRINGS = YES;
				SWIFT_VERSION = 5.0;
				TARGETED_DEVICE_FAMILY = "1,2";
			};
			name = Debug;
		};
		FF020EE32C2F8DB30001D626 /* Release */ = {
			isa = XCBuildConfiguration;
			buildSettings = {
				ASSETCATALOG_COMPILER_APPICON_NAME = AppIcon;
				ASSETCATALOG_COMPILER_GLOBAL_ACCENT_COLOR_NAME = AccentColor;
				CODE_SIGN_STYLE = Automatic;
				CURRENT_PROJECT_VERSION = 1;
				DEVELOPMENT_TEAM = 2KUSQSDP9T;
				GENERATE_INFOPLIST_FILE = YES;
				INFOPLIST_KEY_UIApplicationSupportsIndirectInputEvents = YES;
				INFOPLIST_KEY_UILaunchStoryboardName = LaunchScreen;
				INFOPLIST_KEY_UIMainStoryboardFile = Main;
				INFOPLIST_KEY_UIStatusBarHidden = YES;
				INFOPLIST_KEY_UISupportedInterfaceOrientations_iPad = "UIInterfaceOrientationPortrait UIInterfaceOrientationPortraitUpsideDown UIInterfaceOrientationLandscapeLeft UIInterfaceOrientationLandscapeRight";
				INFOPLIST_KEY_UISupportedInterfaceOrientations_iPhone = "UIInterfaceOrientationPortrait UIInterfaceOrientationLandscapeLeft UIInterfaceOrientationLandscapeRight";
				LD_RUNPATH_SEARCH_PATHS = (
					"$(inherited)",
					"@executable_path/Frameworks",
				);
				MARKETING_VERSION = 0.1;
				PRODUCT_BUNDLE_IDENTIFIER = lhf.MemoryGrid;
				PRODUCT_NAME = "$(TARGET_NAME)";
				SWIFT_EMIT_LOC_STRINGS = YES;
				SWIFT_VERSION = 5.0;
				TARGETED_DEVICE_FAMILY = "1,2";
			};
			name = Release;
		};
		FF020EE52C2F8DB30001D626 /* Debug */ = {
			isa = XCBuildConfiguration;
			buildSettings = {
				ALWAYS_EMBED_SWIFT_STANDARD_LIBRARIES = YES;
				BUNDLE_LOADER = "$(TEST_HOST)";
				CODE_SIGN_STYLE = Automatic;
				CURRENT_PROJECT_VERSION = 1;
				DEVELOPMENT_TEAM = 2KUSQSDP9T;
				GENERATE_INFOPLIST_FILE = YES;
				IPHONEOS_DEPLOYMENT_TARGET = 17.5;
				MARKETING_VERSION = 1.0;
				PRODUCT_BUNDLE_IDENTIFIER = lhf.MemoryGridTests;
				PRODUCT_NAME = "$(TARGET_NAME)";
				SWIFT_EMIT_LOC_STRINGS = NO;
				SWIFT_VERSION = 5.0;
				TARGETED_DEVICE_FAMILY = "1,2";
				TEST_HOST = "$(BUILT_PRODUCTS_DIR)/MemoryGrid.app/$(BUNDLE_EXECUTABLE_FOLDER_PATH)/MemoryGrid";
			};
			name = Debug;
		};
		FF020EE62C2F8DB30001D626 /* Release */ = {
			isa = XCBuildConfiguration;
			buildSettings = {
				ALWAYS_EMBED_SWIFT_STANDARD_LIBRARIES = YES;
				BUNDLE_LOADER = "$(TEST_HOST)";
				CODE_SIGN_STYLE = Automatic;
				CURRENT_PROJECT_VERSION = 1;
				DEVELOPMENT_TEAM = 2KUSQSDP9T;
				GENERATE_INFOPLIST_FILE = YES;
				IPHONEOS_DEPLOYMENT_TARGET = 17.5;
				MARKETING_VERSION = 1.0;
				PRODUCT_BUNDLE_IDENTIFIER = lhf.MemoryGridTests;
				PRODUCT_NAME = "$(TARGET_NAME)";
				SWIFT_EMIT_LOC_STRINGS = NO;
				SWIFT_VERSION = 5.0;
				TARGETED_DEVICE_FAMILY = "1,2";
				TEST_HOST = "$(BUILT_PRODUCTS_DIR)/MemoryGrid.app/$(BUNDLE_EXECUTABLE_FOLDER_PATH)/MemoryGrid";
			};
			name = Release;
		};
		FF020EE82C2F8DB30001D626 /* Debug */ = {
			isa = XCBuildConfiguration;
			buildSettings = {
				ALWAYS_EMBED_SWIFT_STANDARD_LIBRARIES = YES;
				CODE_SIGN_STYLE = Automatic;
				CURRENT_PROJECT_VERSION = 1;
				DEVELOPMENT_TEAM = 2KUSQSDP9T;
				GENERATE_INFOPLIST_FILE = YES;
				MARKETING_VERSION = 1.0;
				PRODUCT_BUNDLE_IDENTIFIER = lhf.MemoryGridUITests;
				PRODUCT_NAME = "$(TARGET_NAME)";
				SWIFT_EMIT_LOC_STRINGS = NO;
				SWIFT_VERSION = 5.0;
				TARGETED_DEVICE_FAMILY = "1,2";
				TEST_TARGET_NAME = MemoryGrid;
			};
			name = Debug;
		};
		FF020EE92C2F8DB30001D626 /* Release */ = {
			isa = XCBuildConfiguration;
			buildSettings = {
				ALWAYS_EMBED_SWIFT_STANDARD_LIBRARIES = YES;
				CODE_SIGN_STYLE = Automatic;
				CURRENT_PROJECT_VERSION = 1;
				DEVELOPMENT_TEAM = 2KUSQSDP9T;
				GENERATE_INFOPLIST_FILE = YES;
				MARKETING_VERSION = 1.0;
				PRODUCT_BUNDLE_IDENTIFIER = lhf.MemoryGridUITests;
				PRODUCT_NAME = "$(TARGET_NAME)";
				SWIFT_EMIT_LOC_STRINGS = NO;
				SWIFT_VERSION = 5.0;
				TARGETED_DEVICE_FAMILY = "1,2";
				TEST_TARGET_NAME = MemoryGrid;
			};
			name = Release;
		};
/* End XCBuildConfiguration section */

/* Begin XCConfigurationList section */
		FF020EAF2C2F8DB10001D626 /* Build configuration list for PBXProject "MemoryGrid" */ = {
			isa = XCConfigurationList;
			buildConfigurations = (
				FF020EDF2C2F8DB30001D626 /* Debug */,
				FF020EE02C2F8DB30001D626 /* Release */,
			);
			defaultConfigurationIsVisible = 0;
			defaultConfigurationName = Release;
		};
		FF020EE12C2F8DB30001D626 /* Build configuration list for PBXNativeTarget "MemoryGrid" */ = {
			isa = XCConfigurationList;
			buildConfigurations = (
				FF020EE22C2F8DB30001D626 /* Debug */,
				FF020EE32C2F8DB30001D626 /* Release */,
			);
			defaultConfigurationIsVisible = 0;
			defaultConfigurationName = Release;
		};
		FF020EE42C2F8DB30001D626 /* Build configuration list for PBXNativeTarget "MemoryGridTests" */ = {
			isa = XCConfigurationList;
			buildConfigurations = (
				FF020EE52C2F8DB30001D626 /* Debug */,
				FF020EE62C2F8DB30001D626 /* Release */,
			);
			defaultConfigurationIsVisible = 0;
			defaultConfigurationName = Release;
		};
		FF020EE72C2F8DB30001D626 /* Build configuration list for PBXNativeTarget "MemoryGridUITests" */ = {
			isa = XCConfigurationList;
			buildConfigurations = (
				FF020EE82C2F8DB30001D626 /* Debug */,
				FF020EE92C2F8DB30001D626 /* Release */,
			);
			defaultConfigurationIsVisible = 0;
			defaultConfigurationName = Release;
		};
/* End XCConfigurationList section */
	};
	rootObject = FF020EAC2C2F8DB10001D626 /* Project object */;
}
